github.com/aaronland/go-pagination v0.3.0 h1:5YHm2ylZtWj40m+hyncrt4vaZxjZ5v6szi2F4OqkqO4=
github.com/aaronland/go-pagination v0.3.0/go.mod h1:zrYVkUTBoe6yJ23l6OyTyfSpTyg6s/cNxZxNztXNQpQ=
github.com/jtacoma/uritemplates v1.0.0 h1:xwx5sBF7pPAb0Uj8lDC1Q/aBPpOFyQza7OC705ZlLCo=
github.com/jtacoma/uritemplates v1.0.0/go.mod h1:IhIICdE9OcvgUnGwTtJxgBQ+VrTrti5PcbLVSJianO8=
